
Microsoft Visual Studio Solution File, Format Version 12.00
# Visual Studio Version 16
VisualStudioVersion = 16.0.29230.47
MinimumVisualStudioVersion = 10.0.40219.1
Project("{FAE04EC0-301F-11D3-BF4B-00C04F79EFBC}") = "TestShapesDLL", "TestShapesDLL\TestShapesDLL.csproj", "{9ECA6872-F9A7-43C5-A033-ED6B0CE6F2A0}"
EndProject
Project("{FAE04EC0-301F-11D3-BF4B-00C04F79EFBC}") = "TestShapesDLL.Tests", "TestShapesDLL.Tests\TestShapesDLL.Tests.csproj", "{880B7372-1931-4C9A-9631-6E7025E528F0}"
EndProject
Global
	GlobalSection(SolutionConfigurationPlatforms) = preSolution
		Debug|Any CPU = Debug|Any CPU
		Release|Any CPU = Release|Any CPU
	EndGlobalSection
	GlobalSection(ProjectConfigurationPlatforms) = postSolution
		{9ECA6872-F9A7-43C5-A033-ED6B0CE6F2A0}.Debug|Any CPU.ActiveCfg = Debug|Any CPU
		{9ECA6872-F9A7-43C5-A033-ED6B0CE6F2A0}.Debug|Any CPU.Build.0 = Debug|Any CPU
		{9ECA6872-F9A7-43C5-A033-ED6B0CE6F2A0}.Release|Any CPU.ActiveCfg = Release|Any CPU
		{9ECA6872-F9A7-43C5-A033-ED6B0CE6F2A0}.Release|Any CPU.Build.0 = Release|Any CPU
		{880B7372-1931-4C9A-9631-6E7025E528F0}.Debug|Any CPU.ActiveCfg = Debug|Any CPU
		{880B7372-1931-4C9A-9631-6E7025E528F0}.Debug|Any CPU.Build.0 = Debug|Any CPU
		{880B7372-1931-4C9A-9631-6E7025E528F0}.Release|Any CPU.ActiveCfg = Release|Any CPU
		{880B7372-1931-4C9A-9631-6E7025E528F0}.Release|Any CPU.Build.0 = Release|Any CPU
	EndGlobalSection
	GlobalSection(SolutionProperties) = preSolution
		HideSolutionNode = FALSE
	EndGlobalSection
	GlobalSection(ExtensibilityGlobals) = postSolution
		SolutionGuid = {C0512D53-9D10-42BA-BC00-0EA1FF28422E}
	EndGlobalSection
EndGlobal
